
Microsoft Visual Studio Solution File, Format Version 12.00
# Visual Studio Version 17
VisualStudioVersion = 17.14.36105.17 d17.14
MinimumVisualStudioVersion = 10.0.40219.1
Project("{FAE04EC0-301F-11D3-BF4B-00C04F79EFBC}") = "CustomerCommLib", "CustomerCommLib.csproj", "{503579BD-2A6A-4953-946B-58F879CA4F9B}"
EndProject
Project("{FAE04EC0-301F-11D3-BF4B-00C04F79EFBC}") = "CustomerCommTests", "..\CustomerCommTests\CustomerCommTests.csproj", "{10AB1EA7-5ED9-46E9-95D5-950F6CA50F58}"
EndProject
Global
	GlobalSection(SolutionConfigurationPlatforms) = preSolution
		Debug|Any CPU = Debug|Any CPU
		Release|Any CPU = Release|Any CPU
	EndGlobalSection
	GlobalSection(ProjectConfigurationPlatforms) = postSolution
		{503579BD-2A6A-4953-946B-58F879CA4F9B}.Debug|Any CPU.ActiveCfg = Debug|Any CPU
		{503579BD-2A6A-4953-946B-58F879CA4F9B}.Debug|Any CPU.Build.0 = Debug|Any CPU
		{503579BD-2A6A-4953-946B-58F879CA4F9B}.Release|Any CPU.ActiveCfg = Release|Any CPU
		{503579BD-2A6A-4953-946B-58F879CA4F9B}.Release|Any CPU.Build.0 = Release|Any CPU
		{10AB1EA7-5ED9-46E9-95D5-950F6CA50F58}.Debug|Any CPU.ActiveCfg = Debug|Any CPU
		{10AB1EA7-5ED9-46E9-95D5-950F6CA50F58}.Debug|Any CPU.Build.0 = Debug|Any CPU
		{10AB1EA7-5ED9-46E9-95D5-950F6CA50F58}.Release|Any CPU.ActiveCfg = Release|Any CPU
		{10AB1EA7-5ED9-46E9-95D5-950F6CA50F58}.Release|Any CPU.Build.0 = Release|Any CPU
	EndGlobalSection
	GlobalSection(SolutionProperties) = preSolution
		HideSolutionNode = FALSE
	EndGlobalSection
	GlobalSection(ExtensibilityGlobals) = postSolution
		SolutionGuid = {203C5442-EF83-4B99-BB09-A2FE8A8BB521}
	EndGlobalSection
EndGlobal
